// !$*UTF8*$!
{
	archiveVersion = 1;
	classes = {
	};
	objectVersion = 46;
	objects = {

/* Begin PBXBuildFile section */
		A096550D1D10D8870048845C /* Assets.xcassets in Resources */ = {isa = PBXBuildFile; fileRef = A096550B1D10D8870048845C /* Assets.xcassets */; };
		A096550E1D10D8870048845C /* Info.plist in Resources */ = {isa = PBXBuildFile; fileRef = A096550C1D10D8870048845C /* Info.plist */; };
		A0A034A31D107EF200C9B2B3 /* MessagesExtension.appex in Embed App Extensions */ = {isa = PBXBuildFile; fileRef = A0A034A21D107EF200C9B2B3 /* MessagesExtension.appex */; settings = {ATTRIBUTES = (RemoveHeadersOnCopy, ); }; };
		A0A034A81D107EF200C9B2B3 /* Messages.framework in Frameworks */ = {isa = PBXBuildFile; fileRef = A0A034A71D107EF200C9B2B3 /* Messages.framework */; };
		A0A034AB1D107EF200C9B2B3 /* MessagesViewController.swift in Sources */ = {isa = PBXBuildFile; fileRef = A0A034AA1D107EF200C9B2B3 /* MessagesViewController.swift */; };
		A0A034AE1D107EF200C9B2B3 /* MainInterface.storyboard in Resources */ = {isa = PBXBuildFile; fileRef = A0A034AC1D107EF200C9B2B3 /* MainInterface.storyboard */; };
		A0A034B01D107EF300C9B2B3 /* Assets.xcassets in Resources */ = {isa = PBXBuildFile; fileRef = A0A034AF1D107EF300C9B2B3 /* Assets.xcassets */; };
		A0A034BE1D10A86200C9B2B3 /* StickerBrowserViewController.swift in Sources */ = {isa = PBXBuildFile; fileRef = A0A034BD1D10A86200C9B2B3 /* StickerBrowserViewController.swift */; };
		A0A034D41D10B21300C9B2B3 /* yaoming.png in Resources */ = {isa = PBXBuildFile; fileRef = A0A034CA1D10B21300C9B2B3 /* yaoming.png */; };
/* End PBXBuildFile section */

/* Begin PBXContainerItemProxy section */
		A0A034A41D107EF200C9B2B3 /* PBXContainerItemProxy */ = {
			isa = PBXContainerItemProxy;
			containerPortal = A0A034921D107EF200C9B2B3 /* Project object */;
			proxyType = 1;
			remoteGlobalIDString = A0A034A11D107EF200C9B2B3;
			remoteInfo = MessagesExtension;
		};
/* End PBXContainerItemProxy section */

/* Begin PBXCopyFilesBuildPhase section */
		A0A034B71D107EF300C9B2B3 /* Embed App Extensions */ = {
			isa = PBXCopyFilesBuildPhase;
			buildActionMask = 2147483647;
			dstPath = "";
			dstSubfolderSpec = 13;
			files = (
				A0A034A31D107EF200C9B2B3 /* MessagesExtension.appex in Embed App Extensions */,
			);
			name = "Embed App Extensions";
			runOnlyForDeploymentPostprocessing = 0;
		};
/* End PBXCopyFilesBuildPhase section */

/* Begin PBXFileReference section */
		A096550B1D10D8870048845C /* Assets.xcassets */ = {isa = PBXFileReference; lastKnownFileType = folder.assetcatalog; name = Assets.xcassets; path = StickerLoader/Assets.xcassets; sourceTree = SOURCE_ROOT; };
		A096550C1D10D8870048845C /* Info.plist */ = {isa = PBXFileReference; fileEncoding = 4; lastKnownFileType = text.plist.xml; name = Info.plist; path = StickerLoader/Info.plist; sourceTree = SOURCE_ROOT; };
		A0A034981D107EF200C9B2B3 /* StickerLoader.app */ = {isa = PBXFileReference; explicitFileType = wrapper.application; includeInIndex = 0; path = StickerLoader.app; sourceTree = BUILT_PRODUCTS_DIR; };
		A0A034A21D107EF200C9B2B3 /* MessagesExtension.appex */ = {isa = PBXFileReference; explicitFileType = "wrapper.app-extension"; includeInIndex = 0; path = MessagesExtension.appex; sourceTree = BUILT_PRODUCTS_DIR; };
		A0A034A71D107EF200C9B2B3 /* Messages.framework */ = {isa = PBXFileReference; lastKnownFileType = wrapper.framework; name = Messages.framework; path = System/Library/Frameworks/Messages.framework; sourceTree = SDKROOT; };
		A0A034AA1D107EF200C9B2B3 /* MessagesViewController.swift */ = {isa = PBXFileReference; lastKnownFileType = sourcecode.swift; path = MessagesViewController.swift; sourceTree = "<group>"; };
		A0A034AD1D107EF200C9B2B3 /* Base */ = {isa = PBXFileReference; lastKnownFileType = file.storyboard; name = Base; path = Base.lproj/MainInterface.storyboard; sourceTree = "<group>"; };
		A0A034AF1D107EF300C9B2B3 /* Assets.xcassets */ = {isa = PBXFileReference; lastKnownFileType = folder.assetcatalog; path = Assets.xcassets; sourceTree = "<group>"; };
		A0A034B11D107EF300C9B2B3 /* Info.plist */ = {isa = PBXFileReference; lastKnownFileType = text.plist.xml; path = Info.plist; sourceTree = "<group>"; };
		A0A034BD1D10A86200C9B2B3 /* StickerBrowserViewController.swift */ = {isa = PBXFileReference; fileEncoding = 4; lastKnownFileType = sourcecode.swift; path = StickerBrowserViewController.swift; sourceTree = "<group>"; };
		A0A034CA1D10B21300C9B2B3 /* yaoming.png */ = {isa = PBXFileReference; lastKnownFileType = image.png; path = yaoming.png; sourceTree = "<group>"; };
/* End PBXFileReference section */

/* Begin PBXFrameworksBuildPhase section */
		A0A0349F1D107EF200C9B2B3 /* Frameworks */ = {
			isa = PBXFrameworksBuildPhase;
			buildActionMask = 2147483647;
			files = (
				A0A034A81D107EF200C9B2B3 /* Messages.framework in Frameworks */,
			);
			runOnlyForDeploymentPostprocessing = 0;
		};
/* End PBXFrameworksBuildPhase section */

/* Begin PBXGroup section */
		A0A034911D107EF200C9B2B3 = {
			isa = PBXGroup;
			children = (
				A0A0349A1D107EF200C9B2B3 /* StickerLoader */,
				A0A034A91D107EF200C9B2B3 /* MessagesExtension */,
				A0A034A61D107EF200C9B2B3 /* Frameworks */,
				A0A034991D107EF200C9B2B3 /* Products */,
			);
			sourceTree = "<group>";
		};
		A0A034991D107EF200C9B2B3 /* Products */ = {
			isa = PBXGroup;
			children = (
				A0A034981D107EF200C9B2B3 /* StickerLoader.app */,
				A0A034A21D107EF200C9B2B3 /* MessagesExtension.appex */,
			);
			name = Products;
			sourceTree = "<group>";
		};
		A0A0349A1D107EF200C9B2B3 /* StickerLoader */ = {
			isa = PBXGroup;
			children = (
				A096550B1D10D8870048845C /* Assets.xcassets */,
				A096550C1D10D8870048845C /* Info.plist */,
			);
			name = StickerLoader;
			path = WylsaMessage;
			sourceTree = "<group>";
		};
		A0A034A61D107EF200C9B2B3 /* Frameworks */ = {
			isa = PBXGroup;
			children = (
				A0A034A71D107EF200C9B2B3 /* Messages.framework */,
			);
			name = Frameworks;
			sourceTree = "<group>";
		};
		A0A034A91D107EF200C9B2B3 /* MessagesExtension */ = {
			isa = PBXGroup;
			children = (
				A0A034AA1D107EF200C9B2B3 /* MessagesViewController.swift */,
				A0A034C11D10B21300C9B2B3 /* Images */,
				A0A034AC1D107EF200C9B2B3 /* MainInterface.storyboard */,
				A0A034AF1D107EF300C9B2B3 /* Assets.xcassets */,
				A0A034B11D107EF300C9B2B3 /* Info.plist */,
				A0A034BD1D10A86200C9B2B3 /* StickerBrowserViewController.swift */,
			);
			path = MessagesExtension;
			sourceTree = "<group>";
		};
		A0A034C11D10B21300C9B2B3 /* Images */ = {
			isa = PBXGroup;
			children = (
				A0A034CA1D10B21300C9B2B3 /* yaoming.png */,
			);
			path = Images;
			sourceTree = "<group>";
		};
/* End PBXGroup section */

/* Begin PBXNativeTarget section */
		A0A034971D107EF200C9B2B3 /* StickerLoader */ = {
			isa = PBXNativeTarget;
			buildConfigurationList = A0A034B81D107EF300C9B2B3 /* Build configuration list for PBXNativeTarget "StickerLoader" */;
			buildPhases = (
				A0A034961D107EF200C9B2B3 /* Resources */,
				A0A034B71D107EF300C9B2B3 /* Embed App Extensions */,
			);
			buildRules = (
			);
			dependencies = (
				A0A034A51D107EF200C9B2B3 /* PBXTargetDependency */,
			);
			name = StickerLoader;
			productName = WylsaMessage;
			productReference = A0A034981D107EF200C9B2B3 /* StickerLoader.app */;
			productType = "com.apple.product-type.application.messages";
		};
		A0A034A11D107EF200C9B2B3 /* MessagesExtension */ = {
			isa = PBXNativeTarget;
			buildConfigurationList = A0A034B41D107EF300C9B2B3 /* Build configuration list for PBXNativeTarget "MessagesExtension" */;
			buildPhases = (
				A0A0349E1D107EF200C9B2B3 /* Sources */,
				A0A0349F1D107EF200C9B2B3 /* Frameworks */,
				A0A034A01D107EF200C9B2B3 /* Resources */,
			);
			buildRules = (
			);
			dependencies = (
			);
			name = MessagesExtension;
			productName = MessagesExtension;
			productReference = A0A034A21D107EF200C9B2B3 /* MessagesExtension.appex */;
			productType = "com.apple.product-type.app-extension.messages";
		};
/* End PBXNativeTarget section */

/* Begin PBXProject section */
		A0A034921D107EF200C9B2B3 /* Project object */ = {
			isa = PBXProject;
			attributes = {
				LastSwiftUpdateCheck = 0800;
				LastUpgradeCheck = 0800;
				ORGANIZATIONNAME = "Roman Efimov";
				TargetAttributes = {
					A0A034971D107EF200C9B2B3 = {
						CreatedOnToolsVersion = 8.0;
						DevelopmentTeam = Y6XF9JEXKG;
						DevelopmentTeamName = "Roman Efimov (Personal Team)";
						ProvisioningStyle = Automatic;
					};
					A0A034A11D107EF200C9B2B3 = {
						CreatedOnToolsVersion = 8.0;
						DevelopmentTeam = Y6XF9JEXKG;
						DevelopmentTeamName = "Roman Efimov (Personal Team)";
						ProvisioningStyle = Automatic;
					};
				};
			};
			buildConfigurationList = A0A034951D107EF200C9B2B3 /* Build configuration list for PBXProject "StickerLoader" */;
			compatibilityVersion = "Xcode 3.2";
			developmentRegion = English;
			hasScannedForEncodings = 0;
			knownRegions = (
				en,
				Base,
			);
			mainGroup = A0A034911D107EF200C9B2B3;
			productRefGroup = A0A034991D107EF200C9B2B3 /* Products */;
			projectDirPath = "";
			projectRoot = "";
			targets = (
				A0A034971D107EF200C9B2B3 /* StickerLoader */,
				A0A034A11D107EF200C9B2B3 /* MessagesExtension */,
			);
		};
/* End PBXProject section */

/* Begin PBXResourcesBuildPhase section */
		A0A034961D107EF200C9B2B3 /* Resources */ = {
			isa = PBXResourcesBuildPhase;
			buildActionMask = 2147483647;
			files = (
				A096550E1D10D8870048845C /* Info.plist in Resources */,
				A096550D1D10D8870048845C /* Assets.xcassets in Resources */,
			);
			runOnlyForDeploymentPostprocessing = 0;
		};
		A0A034A01D107EF200C9B2B3 /* Resources */ = {
			isa = PBXResourcesBuildPhase;
			buildActionMask = 2147483647;
			files = (
				A0A034D41D10B21300C9B2B3 /* yaoming.png in Resources */,
				A0A034B01D107EF300C9B2B3 /* Assets.xcassets in Resources */,
				A0A034AE1D107EF200C9B2B3 /* MainInterface.storyboard in Resources */,
			);
			runOnlyForDeploymentPostprocessing = 0;
		};
/* End PBXResourcesBuildPhase section */

/* Begin PBXSourcesBuildPhase section */
		A0A0349E1D107EF200C9B2B3 /* Sources */ = {
			isa = PBXSourcesBuildPhase;
			buildActionMask = 2147483647;
			files = (
				A0A034BE1D10A86200C9B2B3 /* StickerBrowserViewController.swift in Sources */,
				A0A034AB1D107EF200C9B2B3 /* MessagesViewController.swift in Sources */,
			);
			runOnlyForDeploymentPostprocessing = 0;
		};
/* End PBXSourcesBuildPhase section */

/* Begin PBXTargetDependency section */
		A0A034A51D107EF200C9B2B3 /* PBXTargetDependency */ = {
			isa = PBXTargetDependency;
			target = A0A034A11D107EF200C9B2B3 /* MessagesExtension */;
			targetProxy = A0A034A41D107EF200C9B2B3 /* PBXContainerItemProxy */;
		};
/* End PBXTargetDependency section */

/* Begin PBXVariantGroup section */
		A0A034AC1D107EF200C9B2B3 /* MainInterface.storyboard */ = {
			isa = PBXVariantGroup;
			children = (
				A0A034AD1D107EF200C9B2B3 /* Base */,
			);
			name = MainInterface.storyboard;
			sourceTree = "<group>";
		};
/* End PBXVariantGroup section */

/* Begin XCBuildConfiguration section */
		A0A034B21D107EF300C9B2B3 /* Debug */ = {
			isa = XCBuildConfiguration;
			buildSettings = {
				ALWAYS_SEARCH_USER_PATHS = NO;
				CLANG_ANALYZER_NONNULL = YES;
				CLANG_CXX_LANGUAGE_STANDARD = "gnu++0x";
				CLANG_CXX_LIBRARY = "libc++";
				CLANG_ENABLE_MODULES = YES;
				CLANG_ENABLE_OBJC_ARC = YES;
				CLANG_WARN_BOOL_CONVERSION = YES;
				CLANG_WARN_CONSTANT_CONVERSION = YES;
				CLANG_WARN_DIRECT_OBJC_ISA_USAGE = YES_ERROR;
				CLANG_WARN_DOCUMENTATION_COMMENTS = YES;
				CLANG_WARN_EMPTY_BODY = YES;
				CLANG_WARN_ENUM_CONVERSION = YES;
				CLANG_WARN_INT_CONVERSION = YES;
				CLANG_WARN_OBJC_ROOT_CLASS = YES_ERROR;
				CLANG_WARN_UNREACHABLE_CODE = YES;
				CLANG_WARN__DUPLICATE_METHOD_MATCH = YES;
				"CODE_SIGN_IDENTITY[sdk=iphoneos*]" = "iPhone Developer";
				COPY_PHASE_STRIP = NO;
				DEBUG_INFORMATION_FORMAT = dwarf;
				ENABLE_STRICT_OBJC_MSGSEND = YES;
				ENABLE_TESTABILITY = YES;
				GCC_C_LANGUAGE_STANDARD = gnu99;
				GCC_DYNAMIC_NO_PIC = NO;
				GCC_NO_COMMON_BLOCKS = YES;
				GCC_OPTIMIZATION_LEVEL = 0;
				GCC_PREPROCESSOR_DEFINITIONS = (
					"DEBUG=1",
					"$(inherited)",
				);
				GCC_WARN_64_TO_32_BIT_CONVERSION = YES;
				GCC_WARN_ABOUT_RETURN_TYPE = YES_ERROR;
				GCC_WARN_UNDECLARED_SELECTOR = YES;
				GCC_WARN_UNINITIALIZED_AUTOS = YES_AGGRESSIVE;
				GCC_WARN_UNUSED_FUNCTION = YES;
				GCC_WARN_UNUSED_VARIABLE = YES;
				IPHONEOS_DEPLOYMENT_TARGET = 10.0;
				MTL_ENABLE_DEBUG_INFO = YES;
				ONLY_ACTIVE_ARCH = YES;
				SDKROOT = iphoneos;
				SWIFT_ACTIVE_COMPILATION_CONDITIONS = DEBUG;
				SWIFT_OPTIMIZATION_LEVEL = "-Onone";
			};
			name = Debug;
		};
		A0A034B31D107EF300C9B2B3 /* Release */ = {
			isa = XCBuildConfiguration;
			buildSettings = {
				ALWAYS_SEARCH_USER_PATHS = NO;
				CLANG_ANALYZER_NONNULL = YES;
				CLANG_CXX_LANGUAGE_STANDARD = "gnu++0x";
				CLANG_CXX_LIBRARY = "libc++";
				CLANG_ENABLE_MODULES = YES;
				CLANG_ENABLE_OBJC_ARC = YES;
				CLANG_WARN_BOOL_CONVERSION = YES;
				CLANG_WARN_CONSTANT_CONVERSION = YES;
				CLANG_WARN_DIRECT_OBJC_ISA_USAGE = YES_ERROR;
				CLANG_WARN_DOCUMENTATION_COMMENTS = YES;
				CLANG_WARN_EMPTY_BODY = YES;
				CLANG_WARN_ENUM_CONVERSION = YES;
				CLANG_WARN_INT_CONVERSION = YES;
				CLANG_WARN_OBJC_ROOT_CLASS = YES_ERROR;
				CLANG_WARN_UNREACHABLE_CODE = YES;
				CLANG_WARN__DUPLICATE_METHOD_MATCH = YES;
				"CODE_SIGN_IDENTITY[sdk=iphoneos*]" = "iPhone Developer";
				COPY_PHASE_STRIP = NO;
				DEBUG_INFORMATION_FORMAT = "dwarf-with-dsym";
				ENABLE_NS_ASSERTIONS = NO;
				ENABLE_STRICT_OBJC_MSGSEND = YES;
				GCC_C_LANGUAGE_STANDARD = gnu99;
				GCC_NO_COMMON_BLOCKS = YES;
				GCC_WARN_64_TO_32_BIT_CONVERSION = YES;
				GCC_WARN_ABOUT_RETURN_TYPE = YES_ERROR;
				GCC_WARN_UNDECLARED_SELECTOR = YES;
				GCC_WARN_UNINITIALIZED_AUTOS = YES_AGGRESSIVE;
				GCC_WARN_UNUSED_FUNCTION = YES;
				GCC_WARN_UNUSED_VARIABLE = YES;
				IPHONEOS_DEPLOYMENT_TARGET = 10.0;
				MTL_ENABLE_DEBUG_INFO = NO;
				SDKROOT = iphoneos;
				SWIFT_OPTIMIZATION_LEVEL = "-Owholemodule";
				VALIDATE_PRODUCT = YES;
			};
			name = Release;
		};
		A0A034B51D107EF300C9B2B3 /* Debug */ = {
			isa = XCBuildConfiguration;
			buildSettings = {
				ASSETCATALOG_COMPILER_APPICON_NAME = "iMessage App Icon";
				INFOPLIST_FILE = MessagesExtension/Info.plist;
				LD_RUNPATH_SEARCH_PATHS = "$(inherited) @executable_path/Frameworks @executable_path/../../Frameworks";
				PRODUCT_BUNDLE_IDENTIFIER = ru.mamafest.pregnancycalendar.StickerLoader.MessagesExtension;
				PRODUCT_NAME = "$(TARGET_NAME)";
				SKIP_INSTALL = YES;
				SWIFT_VERSION = 3.0;
			};
			name = Debug;
		};
		A0A034B61D107EF300C9B2B3 /* Release */ = {
			isa = XCBuildConfiguration;
			buildSettings = {
				ASSETCATALOG_COMPILER_APPICON_NAME = "iMessage App Icon";
				INFOPLIST_FILE = MessagesExtension/Info.plist;
				LD_RUNPATH_SEARCH_PATHS = "$(inherited) @executable_path/Frameworks @executable_path/../../Frameworks";
				PRODUCT_BUNDLE_IDENTIFIER = ru.mamafest.pregnancycalendar.StickerLoader.MessagesExtension;
				PRODUCT_NAME = "$(TARGET_NAME)";
				SKIP_INSTALL = YES;
				SWIFT_VERSION = 3.0;
			};
			name = Release;
		};
		A0A034B91D107EF300C9B2B3 /* Debug */ = {
			isa = XCBuildConfiguration;
			buildSettings = {
				ALWAYS_EMBED_SWIFT_STANDARD_LIBRARIES = YES;
				ASSETCATALOG_COMPILER_APPICON_NAME = AppIcon;
				INFOPLIST_FILE = "$(SRCROOT)/StickerLoader/Info.plist";
				PRODUCT_BUNDLE_IDENTIFIER = ru.mamafest.pregnancycalendar.StickerLoader;
				PRODUCT_NAME = "$(TARGET_NAME)";
				SWIFT_VERSION = 3.0;
				TARGETED_DEVICE_FAMILY = "1,2";
			};
			name = Debug;
		};
		A0A034BA1D107EF300C9B2B3 /* Release */ = {
			isa = XCBuildConfiguration;
			buildSettings = {
				ALWAYS_EMBED_SWIFT_STANDARD_LIBRARIES = YES;
				ASSETCATALOG_COMPILER_APPICON_NAME = AppIcon;
				INFOPLIST_FILE = "$(SRCROOT)/StickerLoader/Info.plist";
				PRODUCT_BUNDLE_IDENTIFIER = ru.mamafest.pregnancycalendar.StickerLoader;
				PRODUCT_NAME = "$(TARGET_NAME)";
				SWIFT_VERSION = 3.0;
				TARGETED_DEVICE_FAMILY = "1,2";
			};
			name = Release;
		};
/* End XCBuildConfiguration section */

/* Begin XCConfigurationList section */
		A0A034951D107EF200C9B2B3 /* Build configuration list for PBXProject "StickerLoader" */ = {
			isa = XCConfigurationList;
			buildConfigurations = (
				A0A034B21D107EF300C9B2B3 /* Debug */,
				A0A034B31D107EF300C9B2B3 /* Release */,
			);
			defaultConfigurationIsVisible = 0;
			defaultConfigurationName = Release;
		};
		A0A034B41D107EF300C9B2B3 /* Build configuration list for PBXNativeTarget "MessagesExtension" */ = {
			isa = XCConfigurationList;
			buildConfigurations = (
				A0A034B51D107EF300C9B2B3 /* Debug */,
				A0A034B61D107EF300C9B2B3 /* Release */,
			);
			defaultConfigurationIsVisible = 0;
			defaultConfigurationName = Release;
		};
		A0A034B81D107EF300C9B2B3 /* Build configuration list for PBXNativeTarget "StickerLoader" */ = {
			isa = XCConfigurationList;
			buildConfigurations = (
				A0A034B91D107EF300C9B2B3 /* Debug */,
				A0A034BA1D107EF300C9B2B3 /* Release */,
			);
			defaultConfigurationIsVisible = 0;
			defaultConfigurationName = Release;
		};
/* End XCConfigurationList section */
	};
	rootObject = A0A034921D107EF200C9B2B3 /* Project object */;
}
